
Microsoft Visual Studio Solution File, Format Version 12.00
# Visual Studio Version 16
VisualStudioVersion = 16.0.31624.102
MinimumVisualStudioVersion = 10.0.40219.1
Project("{FAE04EC0-301F-11D3-BF4B-00C04F79EFBC}") = "002-AlgAndData", "002-AlgAndData.csproj", "{A04BE016-14D3-440B-9057-82E3BEA5E97F}"
EndProject
Global
	GlobalSection(SolutionConfigurationPlatforms) = preSolution
		Debug|Any CPU = Debug|Any CPU
		Release|Any CPU = Release|Any CPU
	EndGlobalSection
	GlobalSection(ProjectConfigurationPlatforms) = postSolution
		{A04BE016-14D3-440B-9057-82E3BEA5E97F}.Debug|Any CPU.ActiveCfg = Debug|Any CPU
		{A04BE016-14D3-440B-9057-82E3BEA5E97F}.Debug|Any CPU.Build.0 = Debug|Any CPU
		{A04BE016-14D3-440B-9057-82E3BEA5E97F}.Release|Any CPU.ActiveCfg = Release|Any CPU
		{A04BE016-14D3-440B-9057-82E3BEA5E97F}.Release|Any CPU.Build.0 = Release|Any CPU
	EndGlobalSection
	GlobalSection(SolutionProperties) = preSolution
		HideSolutionNode = FALSE
	EndGlobalSection
	GlobalSection(ExtensibilityGlobals) = postSolution
		SolutionGuid = {06093F90-F79A-4C5F-B23B-2CC37EFD2C38}
	EndGlobalSection
EndGlobal
